
Microsoft Visual Studio Solution File, Format Version 12.00
# Visual Studio Version 16
VisualStudioVersion = 16.0.29306.81
MinimumVisualStudioVersion = 10.0.40219.1
Project("{9A19103F-16F7-4668-BE54-9A1E7A4F7556}") = "StaticVsSingleton", "StaticVsSingelton\StaticVsSingleton.csproj", "{280CD9DA-34ED-4728-9049-B317C0EFD446}"
EndProject
Project("{FAE04EC0-301F-11D3-BF4B-00C04F79EFBC}") = "StaticVsSingleton_Unit_Test", "UnitTestProject\StaticVsSingleton_Unit_Test.csproj", "{FD85BF8B-AD34-4957-BEA1-83E7C1A7E5EB}"
EndProject
Global
	GlobalSection(SolutionConfigurationPlatforms) = preSolution
		Debug|Any CPU = Debug|Any CPU
		Release|Any CPU = Release|Any CPU
	EndGlobalSection
	GlobalSection(ProjectConfigurationPlatforms) = postSolution
		{280CD9DA-34ED-4728-9049-B317C0EFD446}.Debug|Any CPU.ActiveCfg = Debug|Any CPU
		{280CD9DA-34ED-4728-9049-B317C0EFD446}.Debug|Any CPU.Build.0 = Debug|Any CPU
		{280CD9DA-34ED-4728-9049-B317C0EFD446}.Release|Any CPU.ActiveCfg = Release|Any CPU
		{280CD9DA-34ED-4728-9049-B317C0EFD446}.Release|Any CPU.Build.0 = Release|Any CPU
		{FD85BF8B-AD34-4957-BEA1-83E7C1A7E5EB}.Debug|Any CPU.ActiveCfg = Debug|Any CPU
		{FD85BF8B-AD34-4957-BEA1-83E7C1A7E5EB}.Debug|Any CPU.Build.0 = Debug|Any CPU
		{FD85BF8B-AD34-4957-BEA1-83E7C1A7E5EB}.Release|Any CPU.ActiveCfg = Release|Any CPU
		{FD85BF8B-AD34-4957-BEA1-83E7C1A7E5EB}.Release|Any CPU.Build.0 = Release|Any CPU
	EndGlobalSection
	GlobalSection(SolutionProperties) = preSolution
		HideSolutionNode = FALSE
	EndGlobalSection
	GlobalSection(ExtensibilityGlobals) = postSolution
		SolutionGuid = {B2F655E3-6E1D-4AB6-879C-1F3A95DE6012}
	EndGlobalSection
EndGlobal
